
Microsoft Visual Studio Solution File, Format Version 12.00
# Visual Studio Version 16
VisualStudioVersion = 16.0.30711.63
MinimumVisualStudioVersion = 10.0.40219.1
Project("{FAE04EC0-301F-11D3-BF4B-00C04F79EFBC}") = "WpfApp", "WpfApp.csproj", "{A71B64B3-9F75-4EDA-BB72-CC43EF3306DE}"
EndProject
Global
	GlobalSection(SolutionConfigurationPlatforms) = preSolution
		Debug|Any CPU = Debug|Any CPU
		Release|Any CPU = Release|Any CPU
	EndGlobalSection
	GlobalSection(ProjectConfigurationPlatforms) = postSolution
		{A71B64B3-9F75-4EDA-BB72-CC43EF3306DE}.Debug|Any CPU.ActiveCfg = Debug|Any CPU
		{A71B64B3-9F75-4EDA-BB72-CC43EF3306DE}.Debug|Any CPU.Build.0 = Debug|Any CPU
		{A71B64B3-9F75-4EDA-BB72-CC43EF3306DE}.Release|Any CPU.ActiveCfg = Release|Any CPU
		{A71B64B3-9F75-4EDA-BB72-CC43EF3306DE}.Release|Any CPU.Build.0 = Release|Any CPU
	EndGlobalSection
	GlobalSection(SolutionProperties) = preSolution
		HideSolutionNode = FALSE
	EndGlobalSection
	GlobalSection(ExtensibilityGlobals) = postSolution
		SolutionGuid = {69967EFC-8787-45A9-8C7A-C64A985CD853}
	EndGlobalSection
EndGlobal
